
Microsoft Visual Studio Solution File, Format Version 12.00
# Visual Studio Version 16
VisualStudioVersion = 16.0.32228.343
MinimumVisualStudioVersion = 10.0.40219.1
Project("{FAE04EC0-301F-11D3-BF4B-00C04F79EFBC}") = "fastSerialReaderPrototype", "fastSerialReaderPrototype.csproj", "{146D0D34-01E1-4D7E-8825-1042969B0F2E}"
EndProject
Global
	GlobalSection(SolutionConfigurationPlatforms) = preSolution
		Debug|Any CPU = Debug|Any CPU
		Release|Any CPU = Release|Any CPU
	EndGlobalSection
	GlobalSection(ProjectConfigurationPlatforms) = postSolution
		{146D0D34-01E1-4D7E-8825-1042969B0F2E}.Debug|Any CPU.ActiveCfg = Debug|Any CPU
		{146D0D34-01E1-4D7E-8825-1042969B0F2E}.Debug|Any CPU.Build.0 = Debug|Any CPU
		{146D0D34-01E1-4D7E-8825-1042969B0F2E}.Release|Any CPU.ActiveCfg = Release|Any CPU
		{146D0D34-01E1-4D7E-8825-1042969B0F2E}.Release|Any CPU.Build.0 = Release|Any CPU
	EndGlobalSection
	GlobalSection(SolutionProperties) = preSolution
		HideSolutionNode = FALSE
	EndGlobalSection
	GlobalSection(ExtensibilityGlobals) = postSolution
		SolutionGuid = {CC2B81D5-4F1E-4F2D-AD69-1B3A63D178A4}
	EndGlobalSection
EndGlobal
